
Microsoft Visual Studio Solution File, Format Version 12.00
# Visual Studio Version 17
VisualStudioVersion = 17.13.35931.197 d17.13
MinimumVisualStudioVersion = 10.0.40219.1
Project("{FAE04EC0-301F-11D3-BF4B-00C04F79EFBC}") = "NotesAPI", "NotesAPI\NotesAPI.csproj", "{8E4024BA-145D-457A-BB29-AEA27AE0852B}"
EndProject
Global
	GlobalSection(SolutionConfigurationPlatforms) = preSolution
		Debug|Any CPU = Debug|Any CPU
		Release|Any CPU = Release|Any CPU
	EndGlobalSection
	GlobalSection(ProjectConfigurationPlatforms) = postSolution
		{8E4024BA-145D-457A-BB29-AEA27AE0852B}.Debug|Any CPU.ActiveCfg = Debug|Any CPU
		{8E4024BA-145D-457A-BB29-AEA27AE0852B}.Debug|Any CPU.Build.0 = Debug|Any CPU
		{8E4024BA-145D-457A-BB29-AEA27AE0852B}.Release|Any CPU.ActiveCfg = Release|Any CPU
		{8E4024BA-145D-457A-BB29-AEA27AE0852B}.Release|Any CPU.Build.0 = Release|Any CPU
	EndGlobalSection
	GlobalSection(SolutionProperties) = preSolution
		HideSolutionNode = FALSE
	EndGlobalSection
	GlobalSection(ExtensibilityGlobals) = postSolution
		SolutionGuid = {4F04E712-C08E-4958-B7EF-FFA4158E1846}
	EndGlobalSection
EndGlobal
